
Microsoft Visual Studio Solution File, Format Version 12.00
# Visual Studio 14
VisualStudioVersion = 14.0.23107.0
MinimumVisualStudioVersion = 10.0.40219.1
Project("{FAE04EC0-301F-11D3-BF4B-00C04F79EFBC}") = "CyrusCorp.SEO.Analyser.Web", "CyrusCorp.SEO.Analyser.Web\CyrusCorp.SEO.Analyser.Web.csproj", "{EE621D93-AF0F-41ED-8EE4-B1E449C6DBE0}"
	ProjectSection(ProjectDependencies) = postProject
		{BD7EF762-4AE2-44B2-8708-C4C3596E7529} = {BD7EF762-4AE2-44B2-8708-C4C3596E7529}
	EndProjectSection
EndProject
Project("{FAE04EC0-301F-11D3-BF4B-00C04F79EFBC}") = "CyrusCorp.SEO.Analyser.Web.Tests", "CyrusCorp.SEO.Analyser.Web.Tests\CyrusCorp.SEO.Analyser.Web.Tests.csproj", "{10FF0C2B-411D-4DCE-A7BB-D45D16027944}"
EndProject
Project("{FAE04EC0-301F-11D3-BF4B-00C04F79EFBC}") = "CyrusCorp.SEO.Analyzer.Core", "CyrusCorp.SEO.Analyzer.Core\CyrusCorp.SEO.Analyzer.Core.csproj", "{BD7EF762-4AE2-44B2-8708-C4C3596E7529}"
EndProject
Global
	GlobalSection(SolutionConfigurationPlatforms) = preSolution
		Debug|Any CPU = Debug|Any CPU
		Release|Any CPU = Release|Any CPU
	EndGlobalSection
	GlobalSection(ProjectConfigurationPlatforms) = postSolution
		{EE621D93-AF0F-41ED-8EE4-B1E449C6DBE0}.Debug|Any CPU.ActiveCfg = Debug|Any CPU
		{EE621D93-AF0F-41ED-8EE4-B1E449C6DBE0}.Debug|Any CPU.Build.0 = Debug|Any CPU
		{EE621D93-AF0F-41ED-8EE4-B1E449C6DBE0}.Release|Any CPU.ActiveCfg = Release|Any CPU
		{EE621D93-AF0F-41ED-8EE4-B1E449C6DBE0}.Release|Any CPU.Build.0 = Release|Any CPU
		{10FF0C2B-411D-4DCE-A7BB-D45D16027944}.Debug|Any CPU.ActiveCfg = Debug|Any CPU
		{10FF0C2B-411D-4DCE-A7BB-D45D16027944}.Debug|Any CPU.Build.0 = Debug|Any CPU
		{10FF0C2B-411D-4DCE-A7BB-D45D16027944}.Release|Any CPU.ActiveCfg = Release|Any CPU
		{10FF0C2B-411D-4DCE-A7BB-D45D16027944}.Release|Any CPU.Build.0 = Release|Any CPU
		{BD7EF762-4AE2-44B2-8708-C4C3596E7529}.Debug|Any CPU.ActiveCfg = Debug|Any CPU
		{BD7EF762-4AE2-44B2-8708-C4C3596E7529}.Debug|Any CPU.Build.0 = Debug|Any CPU
		{BD7EF762-4AE2-44B2-8708-C4C3596E7529}.Release|Any CPU.ActiveCfg = Release|Any CPU
		{BD7EF762-4AE2-44B2-8708-C4C3596E7529}.Release|Any CPU.Build.0 = Release|Any CPU
	EndGlobalSection
	GlobalSection(SolutionProperties) = preSolution
		HideSolutionNode = FALSE
	EndGlobalSection
EndGlobal
